
Microsoft Visual Studio Solution File, Format Version 12.00
# Visual Studio Version 17
VisualStudioVersion = 17.4.33213.308
MinimumVisualStudioVersion = 10.0.40219.1
Project("{FAE04EC0-301F-11D3-BF4B-00C04F79EFBC}") = "Project_wash", "Project_wash.csproj", "{DB36A2D6-B5F3-4CCC-868E-613CC7ED6C92}"
EndProject
Global
	GlobalSection(SolutionConfigurationPlatforms) = preSolution
		Debug|Any CPU = Debug|Any CPU
		Release|Any CPU = Release|Any CPU
	EndGlobalSection
	GlobalSection(ProjectConfigurationPlatforms) = postSolution
		{DB36A2D6-B5F3-4CCC-868E-613CC7ED6C92}.Debug|Any CPU.ActiveCfg = Debug|Any CPU
		{DB36A2D6-B5F3-4CCC-868E-613CC7ED6C92}.Debug|Any CPU.Build.0 = Debug|Any CPU
		{DB36A2D6-B5F3-4CCC-868E-613CC7ED6C92}.Release|Any CPU.ActiveCfg = Release|Any CPU
		{DB36A2D6-B5F3-4CCC-868E-613CC7ED6C92}.Release|Any CPU.Build.0 = Release|Any CPU
	EndGlobalSection
	GlobalSection(SolutionProperties) = preSolution
		HideSolutionNode = FALSE
	EndGlobalSection
	GlobalSection(ExtensibilityGlobals) = postSolution
		SolutionGuid = {79793B3C-ADDC-46A7-9022-99593DE2B0F0}
	EndGlobalSection
EndGlobal
